
Microsoft Visual Studio Solution File, Format Version 12.00
# Visual Studio Version 16
VisualStudioVersion = 16.0.30907.101
MinimumVisualStudioVersion = 10.0.40219.1
Project("{FAE04EC0-301F-11D3-BF4B-00C04F79EFBC}") = "GoogleApp", "GoogleApp\GoogleApp.csproj", "{FB462ECC-239F-49B5-B680-600B3FD32C92}"
EndProject
Global
	GlobalSection(SolutionConfigurationPlatforms) = preSolution
		Debug|Any CPU = Debug|Any CPU
		Release|Any CPU = Release|Any CPU
	EndGlobalSection
	GlobalSection(ProjectConfigurationPlatforms) = postSolution
		{FB462ECC-239F-49B5-B680-600B3FD32C92}.Debug|Any CPU.ActiveCfg = Debug|Any CPU
		{FB462ECC-239F-49B5-B680-600B3FD32C92}.Debug|Any CPU.Build.0 = Debug|Any CPU
		{FB462ECC-239F-49B5-B680-600B3FD32C92}.Release|Any CPU.ActiveCfg = Release|Any CPU
		{FB462ECC-239F-49B5-B680-600B3FD32C92}.Release|Any CPU.Build.0 = Release|Any CPU
	EndGlobalSection
	GlobalSection(SolutionProperties) = preSolution
		HideSolutionNode = FALSE
	EndGlobalSection
	GlobalSection(ExtensibilityGlobals) = postSolution
		SolutionGuid = {8081E6F7-86A0-4B05-935D-7049FD1A7FAC}
	EndGlobalSection
EndGlobal
